
Microsoft Visual Studio Solution File, Format Version 12.00
# Visual Studio Version 16
VisualStudioVersion = 16.0.29230.47
MinimumVisualStudioVersion = 10.0.40219.1
Project("{FAE04EC0-301F-11D3-BF4B-00C04F79EFBC}") = "DataAccessLayer", "DataAccessLayer\DataAccessLayer.csproj", "{94B7FD94-3930-4FB5-AC2A-F51AB13B69D4}"
EndProject
Project("{FAE04EC0-301F-11D3-BF4B-00C04F79EFBC}") = "BusinessLogicLayer", "BusinessLogicLayer\BusinessLogicLayer.csproj", "{0A1FFA61-DF19-4E09-8E02-ACF1D9B57C6E}"
EndProject
Project("{2150E333-8FDC-42A3-9474-1A3956D46DE8}") = "Solution Items", "Solution Items", "{8E395286-A5E7-44AF-BB81-8AFFF732F4D7}"
	ProjectSection(SolutionItems) = preProject
		TopNotchUnderdogs.sql = TopNotchUnderdogs.sql
	EndProjectSection
EndProject
Project("{FAE04EC0-301F-11D3-BF4B-00C04F79EFBC}") = "TopNotchGlobal", "TopNotchGlobal\TopNotchGlobal.csproj", "{82358D5E-D07C-4A0C-84AE-FB408B8FF48D}"
EndProject
Project("{FAE04EC0-301F-11D3-BF4B-00C04F79EFBC}") = "Logger", "Logger\Logger.csproj", "{B2FEED0F-B7BA-4D30-9E68-A97515905EF0}"
EndProject
Global
	GlobalSection(SolutionConfigurationPlatforms) = preSolution
		Debug|Any CPU = Debug|Any CPU
		Release|Any CPU = Release|Any CPU
	EndGlobalSection
	GlobalSection(ProjectConfigurationPlatforms) = postSolution
		{94B7FD94-3930-4FB5-AC2A-F51AB13B69D4}.Debug|Any CPU.ActiveCfg = Debug|Any CPU
		{94B7FD94-3930-4FB5-AC2A-F51AB13B69D4}.Debug|Any CPU.Build.0 = Debug|Any CPU
		{94B7FD94-3930-4FB5-AC2A-F51AB13B69D4}.Release|Any CPU.ActiveCfg = Release|Any CPU
		{94B7FD94-3930-4FB5-AC2A-F51AB13B69D4}.Release|Any CPU.Build.0 = Release|Any CPU
		{0A1FFA61-DF19-4E09-8E02-ACF1D9B57C6E}.Debug|Any CPU.ActiveCfg = Debug|Any CPU
		{0A1FFA61-DF19-4E09-8E02-ACF1D9B57C6E}.Debug|Any CPU.Build.0 = Debug|Any CPU
		{0A1FFA61-DF19-4E09-8E02-ACF1D9B57C6E}.Release|Any CPU.ActiveCfg = Release|Any CPU
		{0A1FFA61-DF19-4E09-8E02-ACF1D9B57C6E}.Release|Any CPU.Build.0 = Release|Any CPU
		{82358D5E-D07C-4A0C-84AE-FB408B8FF48D}.Debug|Any CPU.ActiveCfg = Debug|Any CPU
		{82358D5E-D07C-4A0C-84AE-FB408B8FF48D}.Debug|Any CPU.Build.0 = Debug|Any CPU
		{82358D5E-D07C-4A0C-84AE-FB408B8FF48D}.Release|Any CPU.ActiveCfg = Release|Any CPU
		{82358D5E-D07C-4A0C-84AE-FB408B8FF48D}.Release|Any CPU.Build.0 = Release|Any CPU
		{B2FEED0F-B7BA-4D30-9E68-A97515905EF0}.Debug|Any CPU.ActiveCfg = Debug|Any CPU
		{B2FEED0F-B7BA-4D30-9E68-A97515905EF0}.Debug|Any CPU.Build.0 = Debug|Any CPU
		{B2FEED0F-B7BA-4D30-9E68-A97515905EF0}.Release|Any CPU.ActiveCfg = Release|Any CPU
		{B2FEED0F-B7BA-4D30-9E68-A97515905EF0}.Release|Any CPU.Build.0 = Release|Any CPU
	EndGlobalSection
	GlobalSection(SolutionProperties) = preSolution
		HideSolutionNode = FALSE
	EndGlobalSection
	GlobalSection(ExtensibilityGlobals) = postSolution
		SolutionGuid = {6859C6D7-D5E2-4EE2-8A17-B144D1AA3AA0}
	EndGlobalSection
EndGlobal
